
Microsoft Visual Studio Solution File, Format Version 12.00
# Visual Studio Version 16
VisualStudioVersion = 16.0.30804.86
MinimumVisualStudioVersion = 10.0.40219.1
Project("{9A19103F-16F7-4668-BE54-9A1E7A4F7556}") = "VideoMeeting", "VideoMeeting\VideoMeeting.csproj", "{FEAC413C-7CFA-4E78-9126-FC1FA870874F}"
EndProject
Global
	GlobalSection(SolutionConfigurationPlatforms) = preSolution
		Debug|Any CPU = Debug|Any CPU
		Release|Any CPU = Release|Any CPU
	EndGlobalSection
	GlobalSection(ProjectConfigurationPlatforms) = postSolution
		{FEAC413C-7CFA-4E78-9126-FC1FA870874F}.Debug|Any CPU.ActiveCfg = Debug|Any CPU
		{FEAC413C-7CFA-4E78-9126-FC1FA870874F}.Debug|Any CPU.Build.0 = Debug|Any CPU
		{FEAC413C-7CFA-4E78-9126-FC1FA870874F}.Release|Any CPU.ActiveCfg = Release|Any CPU
		{FEAC413C-7CFA-4E78-9126-FC1FA870874F}.Release|Any CPU.Build.0 = Release|Any CPU
	EndGlobalSection
	GlobalSection(SolutionProperties) = preSolution
		HideSolutionNode = FALSE
	EndGlobalSection
	GlobalSection(ExtensibilityGlobals) = postSolution
		SolutionGuid = {8F100F88-EA4C-4127-8087-6673F475B41B}
	EndGlobalSection
EndGlobal
